PODS:
  - KeychainSwift (20.0.0)
  - SwiftLint (0.49.1)

DEPENDENCIES:
  - KeychainSwift
  - SwiftLint

SPEC REPOS:
  trunk:
    - KeychainSwift
    - SwiftLint

SPEC CHECKSUMS:
  KeychainSwift: 0ce6a4d13f7228054d1a71bb1b500448fb2ab837
  SwiftLint: 32ee33ded0636d0905ef6911b2b67bbaeeedafa5

PODFILE CHECKSUM: 39fec7d1965c2a8c20de2562167fdda9b4aa9b0c

COCOAPODS: 1.11.2
